{
  "name": "desktop",
  "version": "1.0.0",
  "lockfileVersion": 3,
  "requires": true,
  "packages": {
    "": {
      "name": "desktop",
      "version": "1.0.0",
      "license": "ISC",
      "dependencies": {
        "yolkbot": "^1.3.5"
      }
    },
    "node_modules/wwws": {
      "version": "1.0.4",
      "resolved": "https://registry.npmjs.org/wwws/-/wwws-1.0.4.tgz",
      "integrity": "sha512-ZnGikx8Kfo6I254ZmPTJRkJ5tl8UYejgxIYrbngRIl6a+aqcuVZcX6hSTdxuJ28/xqgMIHLNLvu/fySbN84VWg=="
    },
    "node_modules/yolkbot": {
      "version": "1.3.5",
      "resolved": "https://registry.npmjs.org/yolkbot/-/yolkbot-1.3.5.tgz",
      "integrity": "sha512-VU5POxMJfDN0rBkSI0yQQ30HT82wIOxJGj4OXPMc8FWXXurXlcD7OkAU0Y54c6yzb4JoiTlTXXnRz1eRSs9Rpg==",
      "dependencies": {
        "wwws": "^1.0.4"
      }
    }
  }
}
